
Microsoft Visual Studio Solution File, Format Version 12.00
# Visual Studio 2013
VisualStudioVersion = 12.0.30723.0
MinimumVisualStudioVersion = 10.0.40219.1
Project("{FAE04EC0-301F-11D3-BF4B-00C04F79EFBC}") = "Food", "Food\Food.csproj", "{D4C2CE37-FA42-489D-8630-766DC47E0F60}"
EndProject
Project("{2150E333-8FDC-42A3-9474-1A3956D46DE8}") = "PublishScripts", "PublishScripts", "{B266F935-9C38-4E16-AE9A-14AF891826AE}"
	ProjectSection(SolutionItems) = preProject
		PublishScripts\AzureWebsitePublishModule.psm1 = PublishScripts\AzureWebsitePublishModule.psm1
		PublishScripts\Publish-WebApplicationWebsite.ps1 = PublishScripts\Publish-WebApplicationWebsite.ps1
	EndProjectSection
EndProject
Project("{2150E333-8FDC-42A3-9474-1A3956D46DE8}") = "Configurations", "Configurations", "{8A96D24E-3B4B-4671-B340-CC7AC2F09D61}"
	ProjectSection(SolutionItems) = preProject
		PublishScripts\Configurations\Food-WAWS-dev.json = PublishScripts\Configurations\Food-WAWS-dev.json
	EndProjectSection
EndProject
Global
	GlobalSection(SolutionConfigurationPlatforms) = preSolution
		Debug|Any CPU = Debug|Any CPU
		Release|Any CPU = Release|Any CPU
	EndGlobalSection
	GlobalSection(ProjectConfigurationPlatforms) = postSolution
		{D4C2CE37-FA42-489D-8630-766DC47E0F60}.Debug|Any CPU.ActiveCfg = Debug|Any CPU
		{D4C2CE37-FA42-489D-8630-766DC47E0F60}.Debug|Any CPU.Build.0 = Debug|Any CPU
		{D4C2CE37-FA42-489D-8630-766DC47E0F60}.Release|Any CPU.ActiveCfg = Release|Any CPU
		{D4C2CE37-FA42-489D-8630-766DC47E0F60}.Release|Any CPU.Build.0 = Release|Any CPU
	EndGlobalSection
	GlobalSection(SolutionProperties) = preSolution
		HideSolutionNode = FALSE
	EndGlobalSection
	GlobalSection(NestedProjects) = preSolution
		{8A96D24E-3B4B-4671-B340-CC7AC2F09D61} = {B266F935-9C38-4E16-AE9A-14AF891826AE}
	EndGlobalSection
EndGlobal
